
Microsoft Visual Studio Solution File, Format Version 12.00
# Visual Studio 14
VisualStudioVersion = 14.0.25420.1
MinimumVisualStudioVersion = 10.0.40219.1
Project("{8BB2217D-0F2D-49D1-97BC-3654ED321F3B}") = "RepositoryFramework.EntityFramework", "RepositoryFramework.EntityFramework\RepositoryFramework.EntityFramework.xproj", "{66FB133D-E282-481D-BC7B-08C942F8A5CB}"
EndProject
Project("{8BB2217D-0F2D-49D1-97BC-3654ED321F3B}") = "RepositoryFramework.EntityFramework.Test", "RepositoryFramework.EntityFramework.Test\RepositoryFramework.EntityFramework.Test.xproj", "{A900FE5B-584E-4602-87EC-79529E6AE180}"
EndProject
Project("{8BB2217D-0F2D-49D1-97BC-3654ED321F3B}") = "RepositoryFramework.Interfaces", "RepositoryFramework.Interfaces\RepositoryFramework.Interfaces.xproj", "{27C7C76D-677D-4241-BE70-D04E3442A75D}"
EndProject
Project("{8BB2217D-0F2D-49D1-97BC-3654ED321F3B}") = "RepositoryFramework.Api", "RepositoryFramework.Api\RepositoryFramework.Api.xproj", "{B0A00CFF-E9A2-44C5-BF9D-003466F71975}"
EndProject
Project("{8BB2217D-0F2D-49D1-97BC-3654ED321F3B}") = "RepositoryFramework.Api.Test", "RepositoryFramework.Api.Test\RepositoryFramework.Api.Test.xproj", "{1F3AF3A4-2C4A-4641-A32B-F18F90DB8579}"
EndProject
Project("{2150E333-8FDC-42A3-9474-1A3956D46DE8}") = "Solution Items", "Solution Items", "{B9EEDEBC-3C15-43C8-90EC-32193D87CB74}"
	ProjectSection(SolutionItems) = preProject
		RULES.ruleset = RULES.ruleset
		stylecop.json = stylecop.json
	EndProjectSection
EndProject
Project("{8BB2217D-0F2D-49D1-97BC-3654ED321F3B}") = "RepositoryFramework.Dapper", "RepositoryFramework.Dapper\RepositoryFramework.Dapper.xproj", "{FAFDA019-9C49-435B-9BB1-51C4C0C756A6}"
EndProject
Project("{8BB2217D-0F2D-49D1-97BC-3654ED321F3B}") = "RepositoryFramework.Dapper.Test", "RepositoryFramework.Dapper.Test\RepositoryFramework.Dapper.Test.xproj", "{2BB73B46-25C3-42A4-8F73-ED4C1C97FD02}"
EndProject
Global
	GlobalSection(SolutionConfigurationPlatforms) = preSolution
		Debug|Any CPU = Debug|Any CPU
		Release|Any CPU = Release|Any CPU
	EndGlobalSection
	GlobalSection(ProjectConfigurationPlatforms) = postSolution
		{66FB133D-E282-481D-BC7B-08C942F8A5CB}.Debug|Any CPU.ActiveCfg = Debug|Any CPU
		{66FB133D-E282-481D-BC7B-08C942F8A5CB}.Debug|Any CPU.Build.0 = Debug|Any CPU
		{66FB133D-E282-481D-BC7B-08C942F8A5CB}.Release|Any CPU.ActiveCfg = Release|Any CPU
		{66FB133D-E282-481D-BC7B-08C942F8A5CB}.Release|Any CPU.Build.0 = Release|Any CPU
		{A900FE5B-584E-4602-87EC-79529E6AE180}.Debug|Any CPU.ActiveCfg = Debug|Any CPU
		{A900FE5B-584E-4602-87EC-79529E6AE180}.Debug|Any CPU.Build.0 = Debug|Any CPU
		{A900FE5B-584E-4602-87EC-79529E6AE180}.Release|Any CPU.ActiveCfg = Release|Any CPU
		{A900FE5B-584E-4602-87EC-79529E6AE180}.Release|Any CPU.Build.0 = Release|Any CPU
		{27C7C76D-677D-4241-BE70-D04E3442A75D}.Debug|Any CPU.ActiveCfg = Debug|Any CPU
		{27C7C76D-677D-4241-BE70-D04E3442A75D}.Debug|Any CPU.Build.0 = Debug|Any CPU
		{27C7C76D-677D-4241-BE70-D04E3442A75D}.Release|Any CPU.ActiveCfg = Release|Any CPU
		{27C7C76D-677D-4241-BE70-D04E3442A75D}.Release|Any CPU.Build.0 = Release|Any CPU
		{B0A00CFF-E9A2-44C5-BF9D-003466F71975}.Debug|Any CPU.ActiveCfg = Debug|Any CPU
		{B0A00CFF-E9A2-44C5-BF9D-003466F71975}.Debug|Any CPU.Build.0 = Debug|Any CPU
		{B0A00CFF-E9A2-44C5-BF9D-003466F71975}.Release|Any CPU.ActiveCfg = Release|Any CPU
		{B0A00CFF-E9A2-44C5-BF9D-003466F71975}.Release|Any CPU.Build.0 = Release|Any CPU
		{1F3AF3A4-2C4A-4641-A32B-F18F90DB8579}.Debug|Any CPU.ActiveCfg = Debug|Any CPU
		{1F3AF3A4-2C4A-4641-A32B-F18F90DB8579}.Debug|Any CPU.Build.0 = Debug|Any CPU
		{1F3AF3A4-2C4A-4641-A32B-F18F90DB8579}.Release|Any CPU.ActiveCfg = Release|Any CPU
		{1F3AF3A4-2C4A-4641-A32B-F18F90DB8579}.Release|Any CPU.Build.0 = Release|Any CPU
		{FAFDA019-9C49-435B-9BB1-51C4C0C756A6}.Debug|Any CPU.ActiveCfg = Debug|Any CPU
		{FAFDA019-9C49-435B-9BB1-51C4C0C756A6}.Debug|Any CPU.Build.0 = Debug|Any CPU
		{FAFDA019-9C49-435B-9BB1-51C4C0C756A6}.Release|Any CPU.ActiveCfg = Release|Any CPU
		{FAFDA019-9C49-435B-9BB1-51C4C0C756A6}.Release|Any CPU.Build.0 = Release|Any CPU
		{2BB73B46-25C3-42A4-8F73-ED4C1C97FD02}.Debug|Any CPU.ActiveCfg = Debug|Any CPU
		{2BB73B46-25C3-42A4-8F73-ED4C1C97FD02}.Debug|Any CPU.Build.0 = Debug|Any CPU
		{2BB73B46-25C3-42A4-8F73-ED4C1C97FD02}.Release|Any CPU.ActiveCfg = Release|Any CPU
		{2BB73B46-25C3-42A4-8F73-ED4C1C97FD02}.Release|Any CPU.Build.0 = Release|Any CPU
	EndGlobalSection
	GlobalSection(SolutionProperties) = preSolution
		HideSolutionNode = FALSE
	EndGlobalSection
EndGlobal
